// !$*UTF8*$!
{
	archiveVersion = 1;
	classes = {
	};
	objectVersion = 56;
	objects = {

/* Begin PBXBuildFile section */
		220620302A2583C300211AB5 /* SearchNavigation.swift in Sources */ = {isa = PBXBuildFile; fileRef = 2206202F2A2583C300211AB5 /* SearchNavigation.swift */; };
		220620332A2585BD00211AB5 /* WeatherView.swift in Sources */ = {isa = PBXBuildFile; fileRef = 220620322A2585BD00211AB5 /* WeatherView.swift */; };
		220620352A258CC000211AB5 /* CurrentWeatherJSON.swift in Sources */ = {isa = PBXBuildFile; fileRef = 220620342A258CC000211AB5 /* CurrentWeatherJSON.swift */; };
		221FBD4B2A226647009C169B /* GeocodeResponseJSON.swift in Sources */ = {isa = PBXBuildFile; fileRef = 221FBD4A2A226647009C169B /* GeocodeResponseJSON.swift */; };
		225967D52A22397F00B7AF5E /* CodeChallenge01App.swift in Sources */ = {isa = PBXBuildFile; fileRef = 225967D42A22397F00B7AF5E /* CodeChallenge01App.swift */; };
		225967D72A22397F00B7AF5E /* ContentView.swift in Sources */ = {isa = PBXBuildFile; fileRef = 225967D62A22397F00B7AF5E /* ContentView.swift */; };
		225967D92A22398000B7AF5E /* Assets.xcassets in Resources */ = {isa = PBXBuildFile; fileRef = 225967D82A22398000B7AF5E /* Assets.xcassets */; };
		225967DC2A22398000B7AF5E /* Preview Assets.xcassets in Resources */ = {isa = PBXBuildFile; fileRef = 225967DB2A22398000B7AF5E /* Preview Assets.xcassets */; };
		225967E42A223C1700B7AF5E /* AppState.swift in Sources */ = {isa = PBXBuildFile; fileRef = 225967E32A223C1700B7AF5E /* AppState.swift */; };
		225967E62A223C3000B7AF5E /* Action.swift in Sources */ = {isa = PBXBuildFile; fileRef = 225967E52A223C3000B7AF5E /* Action.swift */; };
		225967E82A223C7200B7AF5E /* AppStore.swift in Sources */ = {isa = PBXBuildFile; fileRef = 225967E72A223C7200B7AF5E /* AppStore.swift */; };
		225967EA2A223CC100B7AF5E /* Reducer.swift in Sources */ = {isa = PBXBuildFile; fileRef = 225967E92A223CC100B7AF5E /* Reducer.swift */; };
		225967ED2A22411F00B7AF5E /* SearchView.swift in Sources */ = {isa = PBXBuildFile; fileRef = 225967EC2A22411F00B7AF5E /* SearchView.swift */; };
		225967EF2A22418E00B7AF5E /* LocalSearchBar.swift in Sources */ = {isa = PBXBuildFile; fileRef = 225967EE2A22418E00B7AF5E /* LocalSearchBar.swift */; };
		225967F12A22425A00B7AF5E /* SearchCoordinator.swift in Sources */ = {isa = PBXBuildFile; fileRef = 225967F02A22425A00B7AF5E /* SearchCoordinator.swift */; };
		225967F42A224E2E00B7AF5E /* GeocodingMiddleware.swift in Sources */ = {isa = PBXBuildFile; fileRef = 225967F32A224E2E00B7AF5E /* GeocodingMiddleware.swift */; };
		225967F62A224E5700B7AF5E /* GeocodingService.swift in Sources */ = {isa = PBXBuildFile; fileRef = 225967F52A224E5700B7AF5E /* GeocodingService.swift */; };
		225967F92A224ECA00B7AF5E /* GeocodingError.swift in Sources */ = {isa = PBXBuildFile; fileRef = 225967F82A224ECA00B7AF5E /* GeocodingError.swift */; };
		225967FB2A22515400B7AF5E /* WebConstants.swift in Sources */ = {isa = PBXBuildFile; fileRef = 225967FA2A22515400B7AF5E /* WebConstants.swift */; };
		225967FD2A22556400B7AF5E /* AlertInfo.swift in Sources */ = {isa = PBXBuildFile; fileRef = 225967FC2A22556400B7AF5E /* AlertInfo.swift */; };
/* End PBXBuildFile section */

/* Begin PBXFileReference section */
		2206202F2A2583C300211AB5 /* SearchNavigation.swift */ = {isa = PBXFileReference; lastKnownFileType = sourcecode.swift; path = SearchNavigation.swift; sourceTree = "<group>"; };
		220620322A2585BD00211AB5 /* WeatherView.swift */ = {isa = PBXFileReference; lastKnownFileType = sourcecode.swift; path = WeatherView.swift; sourceTree = "<group>"; };
		220620342A258CC000211AB5 /* CurrentWeatherJSON.swift */ = {isa = PBXFileReference; lastKnownFileType = sourcecode.swift; path = CurrentWeatherJSON.swift; sourceTree = "<group>"; };
		221FBD4A2A226647009C169B /* GeocodeResponseJSON.swift */ = {isa = PBXFileReference; lastKnownFileType = sourcecode.swift; path = GeocodeResponseJSON.swift; sourceTree = "<group>"; };
		225967D12A22397F00B7AF5E /* CodeChallenge01.app */ = {isa = PBXFileReference; explicitFileType = wrapper.application; includeInIndex = 0; path = CodeChallenge01.app; sourceTree = BUILT_PRODUCTS_DIR; };
		225967D42A22397F00B7AF5E /* CodeChallenge01App.swift */ = {isa = PBXFileReference; lastKnownFileType = sourcecode.swift; path = CodeChallenge01App.swift; sourceTree = "<group>"; };
		225967D62A22397F00B7AF5E /* ContentView.swift */ = {isa = PBXFileReference; lastKnownFileType = sourcecode.swift; path = ContentView.swift; sourceTree = "<group>"; };
		225967D82A22398000B7AF5E /* Assets.xcassets */ = {isa = PBXFileReference; lastKnownFileType = folder.assetcatalog; path = Assets.xcassets; sourceTree = "<group>"; };
		225967DB2A22398000B7AF5E /* Preview Assets.xcassets */ = {isa = PBXFileReference; lastKnownFileType = folder.assetcatalog; path = "Preview Assets.xcassets"; sourceTree = "<group>"; };
		225967E32A223C1700B7AF5E /* AppState.swift */ = {isa = PBXFileReference; lastKnownFileType = sourcecode.swift; path = AppState.swift; sourceTree = "<group>"; };
		225967E52A223C3000B7AF5E /* Action.swift */ = {isa = PBXFileReference; lastKnownFileType = sourcecode.swift; path = Action.swift; sourceTree = "<group>"; };
		225967E72A223C7200B7AF5E /* AppStore.swift */ = {isa = PBXFileReference; lastKnownFileType = sourcecode.swift; path = AppStore.swift; sourceTree = "<group>"; };
		225967E92A223CC100B7AF5E /* Reducer.swift */ = {isa = PBXFileReference; lastKnownFileType = sourcecode.swift; path = Reducer.swift; sourceTree = "<group>"; };
		225967EC2A22411F00B7AF5E /* SearchView.swift */ = {isa = PBXFileReference; lastKnownFileType = sourcecode.swift; path = SearchView.swift; sourceTree = "<group>"; };
		225967EE2A22418E00B7AF5E /* LocalSearchBar.swift */ = {isa = PBXFileReference; lastKnownFileType = sourcecode.swift; path = LocalSearchBar.swift; sourceTree = "<group>"; };
		225967F02A22425A00B7AF5E /* SearchCoordinator.swift */ = {isa = PBXFileReference; lastKnownFileType = sourcecode.swift; path = SearchCoordinator.swift; sourceTree = "<group>"; };
		225967F32A224E2E00B7AF5E /* GeocodingMiddleware.swift */ = {isa = PBXFileReference; lastKnownFileType = sourcecode.swift; path = GeocodingMiddleware.swift; sourceTree = "<group>"; };
		225967F52A224E5700B7AF5E /* GeocodingService.swift */ = {isa = PBXFileReference; lastKnownFileType = sourcecode.swift; path = GeocodingService.swift; sourceTree = "<group>"; };
		225967F82A224ECA00B7AF5E /* GeocodingError.swift */ = {isa = PBXFileReference; lastKnownFileType = sourcecode.swift; path = GeocodingError.swift; sourceTree = "<group>"; };
		225967FA2A22515400B7AF5E /* WebConstants.swift */ = {isa = PBXFileReference; lastKnownFileType = sourcecode.swift; path = WebConstants.swift; sourceTree = "<group>"; };
		225967FC2A22556400B7AF5E /* AlertInfo.swift */ = {isa = PBXFileReference; lastKnownFileType = sourcecode.swift; path = AlertInfo.swift; sourceTree = "<group>"; };
/* End PBXFileReference section */

/* Begin PBXFrameworksBuildPhase section */
		225967CE2A22397F00B7AF5E /* Frameworks */ = {
			isa = PBXFrameworksBuildPhase;
			buildActionMask = 2147483647;
			files = (
			);
			runOnlyForDeploymentPostprocessing = 0;
		};
/* End PBXFrameworksBuildPhase section */

/* Begin PBXGroup section */
		220620312A2585AA00211AB5 /* WeatherView */ = {
			isa = PBXGroup;
			children = (
				220620322A2585BD00211AB5 /* WeatherView.swift */,
			);
			path = WeatherView;
			sourceTree = "<group>";
		};
		221FBD492A226632009C169B /* Model */ = {
			isa = PBXGroup;
			children = (
				221FBD4A2A226647009C169B /* GeocodeResponseJSON.swift */,
				220620342A258CC000211AB5 /* CurrentWeatherJSON.swift */,
			);
			path = Model;
			sourceTree = "<group>";
		};
		225967C82A22397F00B7AF5E = {
			isa = PBXGroup;
			children = (
				225967D32A22397F00B7AF5E /* CodeChallenge01 */,
				225967D22A22397F00B7AF5E /* Products */,
			);
			sourceTree = "<group>";
		};
		225967D22A22397F00B7AF5E /* Products */ = {
			isa = PBXGroup;
			children = (
				225967D12A22397F00B7AF5E /* CodeChallenge01.app */,
			);
			name = Products;
			sourceTree = "<group>";
		};
		225967D32A22397F00B7AF5E /* CodeChallenge01 */ = {
			isa = PBXGroup;
			children = (
				220620312A2585AA00211AB5 /* WeatherView */,
				221FBD492A226632009C169B /* Model */,
				225967F72A224EB900B7AF5E /* Error */,
				225967F22A224E1600B7AF5E /* Middleware */,
				225967EB2A22410600B7AF5E /* SearchView */,
				225967E22A223BBC00B7AF5E /* ReactiveStore */,
				225967D42A22397F00B7AF5E /* CodeChallenge01App.swift */,
				225967D62A22397F00B7AF5E /* ContentView.swift */,
				225967D82A22398000B7AF5E /* Assets.xcassets */,
				225967DA2A22398000B7AF5E /* Preview Content */,
			);
			path = CodeChallenge01;
			sourceTree = "<group>";
		};
		225967DA2A22398000B7AF5E /* Preview Content */ = {
			isa = PBXGroup;
			children = (
				225967DB2A22398000B7AF5E /* Preview Assets.xcassets */,
			);
			path = "Preview Content";
			sourceTree = "<group>";
		};
		225967E22A223BBC00B7AF5E /* ReactiveStore */ = {
			isa = PBXGroup;
			children = (
				225967E32A223C1700B7AF5E /* AppState.swift */,
				225967E52A223C3000B7AF5E /* Action.swift */,
				225967E72A223C7200B7AF5E /* AppStore.swift */,
				225967E92A223CC100B7AF5E /* Reducer.swift */,
			);
			path = ReactiveStore;
			sourceTree = "<group>";
		};
		225967EB2A22410600B7AF5E /* SearchView */ = {
			isa = PBXGroup;
			children = (
				225967EC2A22411F00B7AF5E /* SearchView.swift */,
				225967EE2A22418E00B7AF5E /* LocalSearchBar.swift */,
				225967F02A22425A00B7AF5E /* SearchCoordinator.swift */,
				2206202F2A2583C300211AB5 /* SearchNavigation.swift */,
			);
			path = SearchView;
			sourceTree = "<group>";
		};
		225967F22A224E1600B7AF5E /* Middleware */ = {
			isa = PBXGroup;
			children = (
				225967F32A224E2E00B7AF5E /* GeocodingMiddleware.swift */,
				225967F52A224E5700B7AF5E /* GeocodingService.swift */,
				225967FA2A22515400B7AF5E /* WebConstants.swift */,
			);
			path = Middleware;
			sourceTree = "<group>";
		};
		225967F72A224EB900B7AF5E /* Error */ = {
			isa = PBXGroup;
			children = (
				225967F82A224ECA00B7AF5E /* GeocodingError.swift */,
				225967FC2A22556400B7AF5E /* AlertInfo.swift */,
			);
			path = Error;
			sourceTree = "<group>";
		};
/* End PBXGroup section */

/* Begin PBXNativeTarget section */
		225967D02A22397F00B7AF5E /* CodeChallenge01 */ = {
			isa = PBXNativeTarget;
			buildConfigurationList = 225967DF2A22398000B7AF5E /* Build configuration list for PBXNativeTarget "CodeChallenge01" */;
			buildPhases = (
				225967CD2A22397F00B7AF5E /* Sources */,
				225967CE2A22397F00B7AF5E /* Frameworks */,
				225967CF2A22397F00B7AF5E /* Resources */,
			);
			buildRules = (
			);
			dependencies = (
			);
			name = CodeChallenge01;
			productName = CodeChallenge01;
			productReference = 225967D12A22397F00B7AF5E /* CodeChallenge01.app */;
			productType = "com.apple.product-type.application";
		};
/* End PBXNativeTarget section */

/* Begin PBXProject section */
		225967C92A22397F00B7AF5E /* Project object */ = {
			isa = PBXProject;
			attributes = {
				BuildIndependentTargetsInParallel = 1;
				LastSwiftUpdateCheck = 1430;
				LastUpgradeCheck = 1430;
				TargetAttributes = {
					225967D02A22397F00B7AF5E = {
						CreatedOnToolsVersion = 14.3;
					};
				};
			};
			buildConfigurationList = 225967CC2A22397F00B7AF5E /* Build configuration list for PBXProject "CodeChallenge01" */;
			compatibilityVersion = "Xcode 14.0";
			developmentRegion = en;
			hasScannedForEncodings = 0;
			knownRegions = (
				en,
				Base,
			);
			mainGroup = 225967C82A22397F00B7AF5E;
			productRefGroup = 225967D22A22397F00B7AF5E /* Products */;
			projectDirPath = "";
			projectRoot = "";
			targets = (
				225967D02A22397F00B7AF5E /* CodeChallenge01 */,
			);
		};
/* End PBXProject section */

/* Begin PBXResourcesBuildPhase section */
		225967CF2A22397F00B7AF5E /* Resources */ = {
			isa = PBXResourcesBuildPhase;
			buildActionMask = 2147483647;
			files = (
				225967DC2A22398000B7AF5E /* Preview Assets.xcassets in Resources */,
				225967D92A22398000B7AF5E /* Assets.xcassets in Resources */,
			);
			runOnlyForDeploymentPostprocessing = 0;
		};
/* End PBXResourcesBuildPhase section */

/* Begin PBXSourcesBuildPhase section */
		225967CD2A22397F00B7AF5E /* Sources */ = {
			isa = PBXSourcesBuildPhase;
			buildActionMask = 2147483647;
			files = (
				225967E42A223C1700B7AF5E /* AppState.swift in Sources */,
				221FBD4B2A226647009C169B /* GeocodeResponseJSON.swift in Sources */,
				225967E82A223C7200B7AF5E /* AppStore.swift in Sources */,
				225967FD2A22556400B7AF5E /* AlertInfo.swift in Sources */,
				225967EA2A223CC100B7AF5E /* Reducer.swift in Sources */,
				220620332A2585BD00211AB5 /* WeatherView.swift in Sources */,
				220620352A258CC000211AB5 /* CurrentWeatherJSON.swift in Sources */,
				225967ED2A22411F00B7AF5E /* SearchView.swift in Sources */,
				225967FB2A22515400B7AF5E /* WebConstants.swift in Sources */,
				220620302A2583C300211AB5 /* SearchNavigation.swift in Sources */,
				225967F12A22425A00B7AF5E /* SearchCoordinator.swift in Sources */,
				225967F62A224E5700B7AF5E /* GeocodingService.swift in Sources */,
				225967E62A223C3000B7AF5E /* Action.swift in Sources */,
				225967EF2A22418E00B7AF5E /* LocalSearchBar.swift in Sources */,
				225967F92A224ECA00B7AF5E /* GeocodingError.swift in Sources */,
				225967D72A22397F00B7AF5E /* ContentView.swift in Sources */,
				225967D52A22397F00B7AF5E /* CodeChallenge01App.swift in Sources */,
				225967F42A224E2E00B7AF5E /* GeocodingMiddleware.swift in Sources */,
			);
			runOnlyForDeploymentPostprocessing = 0;
		};
/* End PBXSourcesBuildPhase section */

/* Begin XCBuildConfiguration section */
		225967DD2A22398000B7AF5E /* Debug */ = {
			isa = XCBuildConfiguration;
			buildSettings = {
				ALWAYS_SEARCH_USER_PATHS = NO;
				CLANG_ANALYZER_NONNULL = YES;
				CLANG_ANALYZER_NUMBER_OBJECT_CONVERSION = YES_AGGRESSIVE;
				CLANG_CXX_LANGUAGE_STANDARD = "gnu++20";
				CLANG_ENABLE_MODULES = YES;
				CLANG_ENABLE_OBJC_ARC = YES;
				CLANG_ENABLE_OBJC_WEAK = YES;
				CLANG_WARN_BLOCK_CAPTURE_AUTORELEASING = YES;
				CLANG_WARN_BOOL_CONVERSION = YES;
				CLANG_WARN_COMMA = YES;
				CLANG_WARN_CONSTANT_CONVERSION = YES;
				CLANG_WARN_DEPRECATED_OBJC_IMPLEMENTATIONS = YES;
				CLANG_WARN_DIRECT_OBJC_ISA_USAGE = YES_ERROR;
				CLANG_WARN_DOCUMENTATION_COMMENTS = YES;
				CLANG_WARN_EMPTY_BODY = YES;
				CLANG_WARN_ENUM_CONVERSION = YES;
				CLANG_WARN_INFINITE_RECURSION = YES;
				CLANG_WARN_INT_CONVERSION = YES;
				CLANG_WARN_NON_LITERAL_NULL_CONVERSION = YES;
				CLANG_WARN_OBJC_IMPLICIT_RETAIN_SELF = YES;
				CLANG_WARN_OBJC_LITERAL_CONVERSION = YES;
				CLANG_WARN_OBJC_ROOT_CLASS = YES_ERROR;
				CLANG_WARN_QUOTED_INCLUDE_IN_FRAMEWORK_HEADER = YES;
				CLANG_WARN_RANGE_LOOP_ANALYSIS = YES;
				CLANG_WARN_STRICT_PROTOTYPES = YES;
				CLANG_WARN_SUSPICIOUS_MOVE = YES;
				CLANG_WARN_UNGUARDED_AVAILABILITY = YES_AGGRESSIVE;
				CLANG_WARN_UNREACHABLE_CODE = YES;
				CLANG_WARN__DUPLICATE_METHOD_MATCH = YES;
				COPY_PHASE_STRIP = NO;
				DEBUG_INFORMATION_FORMAT = dwarf;
				ENABLE_STRICT_OBJC_MSGSEND = YES;
				ENABLE_TESTABILITY = YES;
				GCC_C_LANGUAGE_STANDARD = gnu11;
				GCC_DYNAMIC_NO_PIC = NO;
				GCC_NO_COMMON_BLOCKS = YES;
				GCC_OPTIMIZATION_LEVEL = 0;
				GCC_PREPROCESSOR_DEFINITIONS = (
					"DEBUG=1",
					"$(inherited)",
				);
				GCC_WARN_64_TO_32_BIT_CONVERSION = YES;
				GCC_WARN_ABOUT_RETURN_TYPE = YES_ERROR;
				GCC_WARN_UNDECLARED_SELECTOR = YES;
				GCC_WARN_UNINITIALIZED_AUTOS = YES_AGGRESSIVE;
				GCC_WARN_UNUSED_FUNCTION = YES;
				GCC_WARN_UNUSED_VARIABLE = YES;
				IPHONEOS_DEPLOYMENT_TARGET = 16.4;
				MTL_ENABLE_DEBUG_INFO = INCLUDE_SOURCE;
				MTL_FAST_MATH = YES;
				ONLY_ACTIVE_ARCH = YES;
				SDKROOT = iphoneos;
				SWIFT_ACTIVE_COMPILATION_CONDITIONS = DEBUG;
				SWIFT_OPTIMIZATION_LEVEL = "-Onone";
			};
			name = Debug;
		};
		225967DE2A22398000B7AF5E /* Release */ = {
			isa = XCBuildConfiguration;
			buildSettings = {
				ALWAYS_SEARCH_USER_PATHS = NO;
				CLANG_ANALYZER_NONNULL = YES;
				CLANG_ANALYZER_NUMBER_OBJECT_CONVERSION = YES_AGGRESSIVE;
				CLANG_CXX_LANGUAGE_STANDARD = "gnu++20";
				CLANG_ENABLE_MODULES = YES;
				CLANG_ENABLE_OBJC_ARC = YES;
				CLANG_ENABLE_OBJC_WEAK = YES;
				CLANG_WARN_BLOCK_CAPTURE_AUTORELEASING = YES;
				CLANG_WARN_BOOL_CONVERSION = YES;
				CLANG_WARN_COMMA = YES;
				CLANG_WARN_CONSTANT_CONVERSION = YES;
				CLANG_WARN_DEPRECATED_OBJC_IMPLEMENTATIONS = YES;
				CLANG_WARN_DIRECT_OBJC_ISA_USAGE = YES_ERROR;
				CLANG_WARN_DOCUMENTATION_COMMENTS = YES;
				CLANG_WARN_EMPTY_BODY = YES;
				CLANG_WARN_ENUM_CONVERSION = YES;
				CLANG_WARN_INFINITE_RECURSION = YES;
				CLANG_WARN_INT_CONVERSION = YES;
				CLANG_WARN_NON_LITERAL_NULL_CONVERSION = YES;
				CLANG_WARN_OBJC_IMPLICIT_RETAIN_SELF = YES;
				CLANG_WARN_OBJC_LITERAL_CONVERSION = YES;
				CLANG_WARN_OBJC_ROOT_CLASS = YES_ERROR;
				CLANG_WARN_QUOTED_INCLUDE_IN_FRAMEWORK_HEADER = YES;
				CLANG_WARN_RANGE_LOOP_ANALYSIS = YES;
				CLANG_WARN_STRICT_PROTOTYPES = YES;
				CLANG_WARN_SUSPICIOUS_MOVE = YES;
				CLANG_WARN_UNGUARDED_AVAILABILITY = YES_AGGRESSIVE;
				CLANG_WARN_UNREACHABLE_CODE = YES;
				CLANG_WARN__DUPLICATE_METHOD_MATCH = YES;
				COPY_PHASE_STRIP = NO;
				DEBUG_INFORMATION_FORMAT = "dwarf-with-dsym";
				ENABLE_NS_ASSERTIONS = NO;
				ENABLE_STRICT_OBJC_MSGSEND = YES;
				GCC_C_LANGUAGE_STANDARD = gnu11;
				GCC_NO_COMMON_BLOCKS = YES;
				GCC_WARN_64_TO_32_BIT_CONVERSION = YES;
				GCC_WARN_ABOUT_RETURN_TYPE = YES_ERROR;
				GCC_WARN_UNDECLARED_SELECTOR = YES;
				GCC_WARN_UNINITIALIZED_AUTOS = YES_AGGRESSIVE;
				GCC_WARN_UNUSED_FUNCTION = YES;
				GCC_WARN_UNUSED_VARIABLE = YES;
				IPHONEOS_DEPLOYMENT_TARGET = 16.4;
				MTL_ENABLE_DEBUG_INFO = NO;
				MTL_FAST_MATH = YES;
				SDKROOT = iphoneos;
				SWIFT_COMPILATION_MODE = wholemodule;
				SWIFT_OPTIMIZATION_LEVEL = "-O";
				VALIDATE_PRODUCT = YES;
			};
			name = Release;
		};
		225967E02A22398000B7AF5E /* Debug */ = {
			isa = XCBuildConfiguration;
			buildSettings = {
				ASSETCATALOG_COMPILER_APPICON_NAME = AppIcon;
				ASSETCATALOG_COMPILER_GLOBAL_ACCENT_COLOR_NAME = AccentColor;
				CODE_SIGN_STYLE = Automatic;
				CURRENT_PROJECT_VERSION = 1;
				DEVELOPMENT_ASSET_PATHS = "\"CodeChallenge01/Preview Content\"";
				DEVELOPMENT_TEAM = C8TR6D88SN;
				ENABLE_PREVIEWS = YES;
				GENERATE_INFOPLIST_FILE = YES;
				INFOPLIST_KEY_UIApplicationSceneManifest_Generation = YES;
				INFOPLIST_KEY_UIApplicationSupportsIndirectInputEvents = YES;
				INFOPLIST_KEY_UILaunchScreen_Generation = YES;
				INFOPLIST_KEY_UISupportedInterfaceOrientations_iPad = "UIInterfaceOrientationPortrait UIInterfaceOrientationPortraitUpsideDown UIInterfaceOrientationLandscapeLeft UIInterfaceOrientationLandscapeRight";
				INFOPLIST_KEY_UISupportedInterfaceOrientations_iPhone = "UIInterfaceOrientationPortrait UIInterfaceOrientationLandscapeLeft UIInterfaceOrientationLandscapeRight";
				LD_RUNPATH_SEARCH_PATHS = (
					"$(inherited)",
					"@executable_path/Frameworks",
				);
				MARKETING_VERSION = 1.0;
				PRODUCT_BUNDLE_IDENTIFIER = net.apperdashery.test.CodeChallenge01;
				PRODUCT_NAME = "$(TARGET_NAME)";
				SWIFT_EMIT_LOC_STRINGS = YES;
				SWIFT_VERSION = 5.0;
				TARGETED_DEVICE_FAMILY = "1,2";
			};
			name = Debug;
		};
		225967E12A22398000B7AF5E /* Release */ = {
			isa = XCBuildConfiguration;
			buildSettings = {
				ASSETCATALOG_COMPILER_APPICON_NAME = AppIcon;
				ASSETCATALOG_COMPILER_GLOBAL_ACCENT_COLOR_NAME = AccentColor;
				CODE_SIGN_STYLE = Automatic;
				CURRENT_PROJECT_VERSION = 1;
				DEVELOPMENT_ASSET_PATHS = "\"CodeChallenge01/Preview Content\"";
				DEVELOPMENT_TEAM = C8TR6D88SN;
				ENABLE_PREVIEWS = YES;
				GENERATE_INFOPLIST_FILE = YES;
				INFOPLIST_KEY_UIApplicationSceneManifest_Generation = YES;
				INFOPLIST_KEY_UIApplicationSupportsIndirectInputEvents = YES;
				INFOPLIST_KEY_UILaunchScreen_Generation = YES;
				INFOPLIST_KEY_UISupportedInterfaceOrientations_iPad = "UIInterfaceOrientationPortrait UIInterfaceOrientationPortraitUpsideDown UIInterfaceOrientationLandscapeLeft UIInterfaceOrientationLandscapeRight";
				INFOPLIST_KEY_UISupportedInterfaceOrientations_iPhone = "UIInterfaceOrientationPortrait UIInterfaceOrientationLandscapeLeft UIInterfaceOrientationLandscapeRight";
				LD_RUNPATH_SEARCH_PATHS = (
					"$(inherited)",
					"@executable_path/Frameworks",
				);
				MARKETING_VERSION = 1.0;
				PRODUCT_BUNDLE_IDENTIFIER = net.apperdashery.test.CodeChallenge01;
				PRODUCT_NAME = "$(TARGET_NAME)";
				SWIFT_EMIT_LOC_STRINGS = YES;
				SWIFT_VERSION = 5.0;
				TARGETED_DEVICE_FAMILY = "1,2";
			};
			name = Release;
		};
/* End XCBuildConfiguration section */

/* Begin XCConfigurationList section */
		225967CC2A22397F00B7AF5E /* Build configuration list for PBXProject "CodeChallenge01" */ = {
			isa = XCConfigurationList;
			buildConfigurations = (
				225967DD2A22398000B7AF5E /* Debug */,
				225967DE2A22398000B7AF5E /* Release */,
			);
			defaultConfigurationIsVisible = 0;
			defaultConfigurationName = Release;
		};
		225967DF2A22398000B7AF5E /* Build configuration list for PBXNativeTarget "CodeChallenge01" */ = {
			isa = XCConfigurationList;
			buildConfigurations = (
				225967E02A22398000B7AF5E /* Debug */,
				225967E12A22398000B7AF5E /* Release */,
			);
			defaultConfigurationIsVisible = 0;
			defaultConfigurationName = Release;
		};
/* End XCConfigurationList section */
	};
	rootObject = 225967C92A22397F00B7AF5E /* Project object */;
}
